
Microsoft Visual Studio Solution File, Format Version 12.00
# Visual Studio Version 17
VisualStudioVersion = 17.9.34622.214
MinimumVisualStudioVersion = 10.0.40219.1
Project("{FAE04EC0-301F-11D3-BF4B-00C04F79EFBC}") = "ScopaGame", "ScopaGame.csproj", "{2D4C2629-07E8-4C8E-BA7C-1299A5BBC5AF}"
EndProject
Global
	GlobalSection(SolutionConfigurationPlatforms) = preSolution
		Debug|Any CPU = Debug|Any CPU
		Release|Any CPU = Release|Any CPU
	EndGlobalSection
	GlobalSection(ProjectConfigurationPlatforms) = postSolution
		{2D4C2629-07E8-4C8E-BA7C-1299A5BBC5AF}.Debug|Any CPU.ActiveCfg = Debug|Any CPU
		{2D4C2629-07E8-4C8E-BA7C-1299A5BBC5AF}.Debug|Any CPU.Build.0 = Debug|Any CPU
		{2D4C2629-07E8-4C8E-BA7C-1299A5BBC5AF}.Release|Any CPU.ActiveCfg = Release|Any CPU
		{2D4C2629-07E8-4C8E-BA7C-1299A5BBC5AF}.Release|Any CPU.Build.0 = Release|Any CPU
	EndGlobalSection
	GlobalSection(SolutionProperties) = preSolution
		HideSolutionNode = FALSE
	EndGlobalSection
	GlobalSection(ExtensibilityGlobals) = postSolution
		SolutionGuid = {44F30B34-332D-4FCB-9A78-1DFB481C3ADF}
	EndGlobalSection
EndGlobal
